{
  "name": "stockbets",
  "version": "0.1.0",
  "lockfileVersion": 2,
  "requires": true,
  "packages": {
    "": {
      "name": "stockbets",
      "version": "0.1.0",
      "dependencies": {
        "@nestjs/axios": "^2.0.0",
        "@next-auth/prisma-adapter": "^0.4.4-canary.81",
        "@next/font": "^13.1.6",
        "@prisma/client": "^4.12.0",
        "@types/node": "18.13.0",
        "@types/react": "18.0.27",
        "@types/react-dom": "18.0.10",
        "axios": "^1.3.4",
        "bcryptjs": "^2.4.3",
        "cookie-parser": "^1.4.6",
        "eslint": "8.33.0",
        "eslint-config-next": "13.1.6",
        "express": "^4.18.2",
        "jsonwebtoken": "^9.0.0",
        "nest-next": "^10.1.0",
        "next": "13.1.6",
        "next-auth": "^4.20.1",
        "pg": "^8.10.0",
        "pg-promise": "^11.4.3",
        "prisma": "^4.11.0",
        "react": "18.2.0",
        "react-dom": "18.2.0",
        "reflect-metadata": "^0.1.13",
        "typescript": "^4.9.5"
      },
      "devDependencies": {
        "@types/bcryptjs": "^2.4.2",
        "@types/express": "^4.17.17",
        "@types/next-auth": "^3.15.0",
        "@types/pg": "^8.6.6"
      }
    },
    "node_modules/@babel/runtime": {
      "version": "7.20.13",
      "resolved": "https://registry.npmjs.org/@babel/runtime/-/runtime-7.20.13.tgz",
      "integrity": "sha512-gt3PKXs0DBoL9xCvOIIZ2NEqAGZqHjAnmVbfQtB620V0uReIQutpel14KcneZuer7UioY8ALKZ7iocavvzTNFA==",
      "dependencies": {
        "regenerator-runtime": "^0.13.11"
      },
      "engines": {
        "node": ">=6.9.0"
      }
    },
    "node_modules/@eslint/eslintrc": {
      "version": "1.4.1",
      "resolved": "https://registry.npmjs.org/@eslint/eslintrc/-/eslintrc-1.4.1.tgz",
      "integrity": "sha512-XXrH9Uarn0stsyldqDYq8r++mROmWRI1xKMXa640Bb//SY1+ECYX6VzT6Lcx5frD0V30XieqJ0oX9I2Xj5aoMA==",
      "dependencies": {
        "ajv": "^6.12.4",
        "debug": "^4.3.2",
        "espree": "^9.4.0",
        "globals": "^13.19.0",
        "ignore": "^5.2.0",
        "import-fresh": "^3.2.1",
        "js-yaml": "^4.1.0",
        "minimatch": "^3.1.2",
        "strip-json-comments": "^3.1.1"
      },
      "engines": {
        "node": "^12.22.0 || ^14.17.0 || >=16.0.0"
      },
      "funding": {
        "url": "https://opencollective.com/eslint"
      }
    },
    "node_modules/@humanwhocodes/config-array": {
      "version": "0.11.8",
      "resolved": "https://registry.npmjs.org/@humanwhocodes/config-array/-/config-array-0.11.8.tgz",
      "integrity": "sha512-UybHIJzJnR5Qc/MsD9Kr+RpO2h+/P1GhOwdiLPXK5TWk5sgTdu88bTD9UP+CKbPPh5Rni1u0GjAdYQLemG8g+g==",
      "dependencies": {
        "@humanwhocodes/object-schema": "^1.2.1",
        "debug": "^4.1.1",
        "minimatch": "^3.0.5"
      },
      "engines": {
        "node": ">=10.10.0"
      }
    },
    "node_modules/@humanwhocodes/module-importer": {
      "version": "1.0.1",
      "resolved": "https://registry.npmjs.org/@humanwhocodes/module-importer/-/module-importer-1.0.1.tgz",
      "integrity": "sha512-bxveV4V8v5Yb4ncFTT3rPSgZBOpCkjfK0y4oVVVJwIuDVBRMDXrPyXRL988i5ap9m9bnyEEjWfm5WkBmtffLfA==",
      "engines": {
        "node": ">=12.22"
      },
      "funding": {
        "type": "github",
        "url": "https://github.com/sponsors/nzakas"
      }
    },
    "node_modules/@humanwhocodes/object-schema": {
      "version": "1.2.1",
      "resolved": "https://registry.npmjs.org/@humanwhocodes/object-schema/-/object-schema-1.2.1.tgz",
      "integrity": "sha512-ZnQMnLV4e7hDlUvw8H+U8ASL02SS2Gn6+9Ac3wGGLIe7+je2AeAOxPY+izIPJDfFDb7eDjev0Us8MO1iFRN8hA=="
    },
    "node_modules/@lukeed/csprng": {
      "version": "1.0.1",
      "resolved": "https://registry.npmjs.org/@lukeed/csprng/-/csprng-1.0.1.tgz",
      "integrity": "sha512-uSvJdwQU5nK+Vdf6zxcWAY2A8r7uqe+gePwLWzJ+fsQehq18pc0I2hJKwypZ2aLM90+Er9u1xn4iLJPZ+xlL4g==",
      "peer": true,
      "engines": {
        "node": ">=8"
      }
    },
    "node_modules/@nestjs/axios": {
      "version": "2.0.0",
      "resolved": "https://registry.npmjs.org/@nestjs/axios/-/axios-2.0.0.tgz",
      "integrity": "sha512-F6oceoQLEn031uun8NiommeMkRIojQqVryxQy/mK7fx0CI0KbgkJL3SloCQcsOD+agoEnqKJKXZpEvL6FNswJg==",
      "peerDependencies": {
        "@nestjs/common": "^7.0.0 || ^8.0.0 || ^9.0.0",
        "axios": "^1.3.1",
        "reflect-metadata": "^0.1.12",
        "rxjs": "^6.0.0 || ^7.0.0"
      }
    },
    "node_modules/@nestjs/common": {
      "version": "9.3.5",
      "resolved": "https://registry.npmjs.org/@nestjs/common/-/common-9.3.5.tgz",
      "integrity": "sha512-18pEYuE+4Lj6r5kYbgy+S2Udmhxqd80dyVZkEcWt8mIwykVeGAITrJ/NIr26aQXoXXy0J3WNhqT7So3qh32ZZA==",
      "peer": true,
      "dependencies": {
        "iterare": "1.2.1",
        "tslib": "2.5.0",
        "uid": "2.0.1"
      },
      "funding": {
        "type": "opencollective",
        "url": "https://opencollective.com/nest"
      },
      "peerDependencies": {
        "cache-manager": "<=5",
        "class-transformer": "*",
        "class-validator": "*",
        "reflect-metadata": "^0.1.12",
        "rxjs": "^7.1.0"
      },
      "peerDependenciesMeta": {
        "cache-manager": {
          "optional": true
        },
        "class-transformer": {
          "optional": true
        },
        "class-validator": {
          "optional": true
        }
      }
    },
    "node_modules/@nestjs/core": {
      "version": "9.3.5",
      "resolved": "https://registry.npmjs.org/@nestjs/core/-/core-9.3.5.tgz",
      "integrity": "sha512-dRVasVaIvNVTvoSXMNDS3aQYPwJt30y59i6i29ZjK+kifmBVgThYLev1tAOLVmao4Pmxcua8NNNAg2UZ2RxlQA==",
      "hasInstallScript": true,
      "peer": true,
      "dependencies": {
        "@node-rs/xxhash": "^1.3.0",
        "@nuxtjs/opencollective": "0.3.2",
        "fast-safe-stringify": "2.1.1",
        "iterare": "1.2.1",
        "path-to-regexp": "3.2.0",
        "tslib": "2.5.0",
        "uid": "2.0.1"
      },
      "funding": {
        "type": "opencollective",
        "url": "https://opencollective.com/nest"
      },
      "peerDependencies": {
        "@nestjs/common": "^9.0.0",
        "@nestjs/microservices": "^9.0.0",
        "@nestjs/platform-express": "^9.0.0",
        "@nestjs/websockets": "^9.0.0",
        "reflect-metadata": "^0.1.12",
        "rxjs": "^7.1.0"
      },
      "peerDependenciesMeta": {
        "@nestjs/microservices": {
          "optional": true
        },
        "@nestjs/platform-express": {
          "optional": true
        },
        "@nestjs/websockets": {
          "optional": true
        }
      }
    },
    "node_modules/@next-auth/prisma-adapter": {
      "version": "0.4.4-canary.81",
      "resolved": "https://registry.npmjs.org/@next-auth/prisma-adapter/-/prisma-adapter-0.4.4-canary.81.tgz",
      "integrity": "sha512-RXdjrRkK4A3ksMdGXIyDmYBcgdpmbVqSGDoaH2X7P/MLBngh3/GO8TFGpiLwiUt1o4+Py81KICZYvBgatRP+Ew==",
      "peerDependencies": {
        "@prisma/client": ">=2.16.0",
        "next-auth": ">=3.19.2"
      }
    },
    "node_modules/@next/env": {
      "version": "13.1.6",
      "resolved": "https://registry.npmjs.org/@next/env/-/env-13.1.6.tgz",
      "integrity": "sha512-s+W9Fdqh5MFk6ECrbnVmmAOwxKQuhGMT7xXHrkYIBMBcTiOqNWhv5KbJIboKR5STXxNXl32hllnvKaffzFaWQg=="
    },
    "node_modules/@next/eslint-plugin-next": {
      "version": "13.1.6",
      "resolved": "https://registry.npmjs.org/@next/eslint-plugin-next/-/eslint-plugin-next-13.1.6.tgz",
      "integrity": "sha512-o7cauUYsXjzSJkay8wKjpKJf2uLzlggCsGUkPu3lP09Pv97jYlekTC20KJrjQKmSv5DXV0R/uks2ZXhqjNkqAw==",
      "dependencies": {
        "glob": "7.1.7"
      }
    },
    "node_modules/@next/font": {
      "version": "13.1.6",
      "resolved": "https://registry.npmjs.org/@next/font/-/font-13.1.6.tgz",
      "integrity": "sha512-AITjmeb1RgX1HKMCiA39ztx2mxeAyxl4ljv2UoSBUGAbFFMg8MO7YAvjHCgFhD39hL7YTbFjol04e/BPBH5RzQ=="
    },
    "node_modules/@next/swc-android-arm-eabi": {
      "version": "13.1.6",
      "resolved": "https://registry.npmjs.org/@next/swc-android-arm-eabi/-/swc-android-arm-eabi-13.1.6.tgz",
      "integrity": "sha512-F3/6Z8LH/pGlPzR1AcjPFxx35mPqjE5xZcf+IL+KgbW9tMkp7CYi1y7qKrEWU7W4AumxX/8OINnDQWLiwLasLQ==",
      "cpu": [
        "arm"
      ],
      "optional": true,
      "os": [
        "android"
      ],
      "engines": {
        "node": ">= 10"
      }
    },
    "node_modules/@next/swc-android-arm64": {
      "version": "13.1.6",
      "resolved": "https://registry.npmjs.org/@next/swc-android-arm64/-/swc-android-arm64-13.1.6.tgz",
      "integrity": "sha512-cMwQjnB8vrYkWyK/H0Rf2c2pKIH4RGjpKUDvbjVAit6SbwPDpmaijLio0LWFV3/tOnY6kvzbL62lndVA0mkYpw==",
      "cpu": [
        "arm64"
      ],
      "optional": true,
      "os": [
        "android"
      ],
      "engines": {
        "node": ">= 10"
      }
    },
    "node_modules/@next/swc-darwin-arm64": {
      "version": "13.1.6",
      "resolved": "https://registry.npmjs.org/@next/swc-darwin-arm64/-/swc-darwin-arm64-13.1.6.tgz",
      "integrity": "sha512-KKRQH4DDE4kONXCvFMNBZGDb499Hs+xcFAwvj+rfSUssIDrZOlyfJNy55rH5t2Qxed1e4K80KEJgsxKQN1/fyw==",
      "cpu": [
        "arm64"
      ],
      "optional": true,
      "os": [
        "darwin"
      ],
      "engines": {
        "node": ">= 10"
      }
    },
    "node_modules/@next/swc-darwin-x64": {
      "version": "13.1.6",
      "resolved": "https://registry.npmjs.org/@next/swc-darwin-x64/-/swc-darwin-x64-13.1.6.tgz",
      "integrity": "sha512-/uOky5PaZDoaU99ohjtNcDTJ6ks/gZ5ykTQDvNZDjIoCxFe3+t06bxsTPY6tAO6uEAw5f6vVFX5H5KLwhrkZCA==",
      "cpu": [
        "x64"
      ],
      "optional": true,
      "os": [
        "darwin"
      ],
      "engines": {
        "node": ">= 10"
      }
    },
    "node_modules/@next/swc-freebsd-x64": {
      "version": "13.1.6",
      "resolved": "https://registry.npmjs.org/@next/swc-freebsd-x64/-/swc-freebsd-x64-13.1.6.tgz",
      "integrity": "sha512-qaEALZeV7to6weSXk3Br80wtFQ7cFTpos/q+m9XVRFggu+8Ib895XhMWdJBzew6aaOcMvYR6KQ6JmHA2/eMzWw==",
      "cpu": [
        "x64"
      ],
      "optional": true,
      "os": [
        "freebsd"
      ],
      "engines": {
        "node": ">= 10"
      }
    },
    "node_modules/@next/swc-linux-arm-gnueabihf": {
      "version": "13.1.6",
      "resolved": "https://registry.npmjs.org/@next/swc-linux-arm-gnueabihf/-/swc-linux-arm-gnueabihf-13.1.6.tgz",
      "integrity": "sha512-OybkbC58A1wJ+JrJSOjGDvZzrVEQA4sprJejGqMwiZyLqhr9Eo8FXF0y6HL+m1CPCpPhXEHz/2xKoYsl16kNqw==",
      "cpu": [
        "arm"
      ],
      "optional": true,
      "os": [
        "linux"
      ],
      "engines": {
        "node": ">= 10"
      }
    },
    "node_modules/@next/swc-linux-arm64-gnu": {
      "version": "13.1.6",
      "resolved": "https://registry.npmjs.org/@next/swc-linux-arm64-gnu/-/swc-linux-arm64-gnu-13.1.6.tgz",
      "integrity": "sha512-yCH+yDr7/4FDuWv6+GiYrPI9kcTAO3y48UmaIbrKy8ZJpi7RehJe3vIBRUmLrLaNDH3rY1rwoHi471NvR5J5NQ==",
      "cpu": [
        "arm64"
      ],
      "optional": true,
      "os": [
        "linux"
      ],
      "engines": {
        "node": ">= 10"
      }
    },
    "node_modules/@next/swc-linux-arm64-musl": {
      "version": "13.1.6",
      "resolved": "https://registry.npmjs.org/@next/swc-linux-arm64-musl/-/swc-linux-arm64-musl-13.1.6.tgz",
      "integrity": "sha512-ECagB8LGX25P9Mrmlc7Q/TQBb9rGScxHbv/kLqqIWs2fIXy6Y/EiBBiM72NTwuXUFCNrWR4sjUPSooVBJJ3ESQ==",
      "cpu": [
        "arm64"
      ],
      "optional": true,
      "os": [
        "linux"
      ],
      "engines": {
        "node": ">= 10"
      }
    },
    "node_modules/@next/swc-linux-x64-gnu": {
      "version": "13.1.6",
      "resolved": "https://registry.npmjs.org/@next/swc-linux-x64-gnu/-/swc-linux-x64-gnu-13.1.6.tgz",
      "integrity": "sha512-GT5w2mruk90V/I5g6ScuueE7fqj/d8Bui2qxdw6lFxmuTgMeol5rnzAv4uAoVQgClOUO/MULilzlODg9Ib3Y4Q==",
      "cpu": [
        "x64"
      ],
      "optional": true,
      "os": [
        "linux"
      ],
      "engines": {
        "node": ">= 10"
      }
    },
    "node_modules/@next/swc-linux-x64-musl": {
      "version": "13.1.6",
      "resolved": "https://registry.npmjs.org/@next/swc-linux-x64-musl/-/swc-linux-x64-musl-13.1.6.tgz",
      "integrity": "sha512-keFD6KvwOPzmat4TCnlnuxJCQepPN+8j3Nw876FtULxo8005Y9Ghcl7ACcR8GoiKoddAq8gxNBrpjoxjQRHeAQ==",
      "cpu": [
        "x64"
      ],
      "optional": true,
      "os": [
        "linux"
      ],
      "engines": {
        "node": ">= 10"
      }
    },
    "node_modules/@next/swc-win32-arm64-msvc": {
      "version": "13.1.6",
      "resolved": "https://registry.npmjs.org/@next/swc-win32-arm64-msvc/-/swc-win32-arm64-msvc-13.1.6.tgz",
      "integrity": "sha512-OwertslIiGQluFvHyRDzBCIB07qJjqabAmINlXUYt7/sY7Q7QPE8xVi5beBxX/rxTGPIbtyIe3faBE6Z2KywhQ==",
      "cpu": [
        "arm64"
      ],
      "optional": true,
      "os": [
        "win32"
      ],
      "engines": {
        "node": ">= 10"
      }
    },
    "node_modules/@next/swc-win32-ia32-msvc": {
      "version": "13.1.6",
      "resolved": "https://registry.npmjs.org/@next/swc-win32-ia32-msvc/-/swc-win32-ia32-msvc-13.1.6.tgz",
      "integrity": "sha512-g8zowiuP8FxUR9zslPmlju7qYbs2XBtTLVSxVikPtUDQedhcls39uKYLvOOd1JZg0ehyhopobRoH1q+MHlIN/w==",
      "cpu": [
        "ia32"
      ],
      "optional": true,
      "os": [
        "win32"
      ],
      "engines": {
        "node": ">= 10"
      }
    },
    "node_modules/@next/swc-win32-x64-msvc": {
      "version": "13.1.6",
      "resolved": "https://registry.npmjs.org/@next/swc-win32-x64-msvc/-/swc-win32-x64-msvc-13.1.6.tgz",
      "integrity": "sha512-Ls2OL9hi3YlJKGNdKv8k3X/lLgc3VmLG3a/DeTkAd+lAituJp8ZHmRmm9f9SL84fT3CotlzcgbdaCDfFwFA6bA==",
      "cpu": [
        "x64"
      ],
      "optional": true,
      "os": [
        "win32"
      ],
      "engines": {
        "node": ">= 10"
      }
    },
    "node_modules/@node-rs/xxhash": {
      "version": "1.3.0",
      "resolved": "https://registry.npmjs.org/@node-rs/xxhash/-/xxhash-1.3.0.tgz",
      "integrity": "sha512-uy+/zGE0p17e9qbeo6aul/TaRBpRr9p7oDgSgkqduCWDr2vFGqdJuKM8ENmG3uuE9B6CNXhwf4Mho5xZ2kmWFQ==",
      "peer": true,
      "engines": {
        "node": ">= 12"
      },
      "funding": {
        "type": "github",
        "url": "https://github.com/sponsors/Brooooooklyn"
      },
      "optionalDependencies": {
        "@node-rs/xxhash-android-arm-eabi": "1.3.0",
        "@node-rs/xxhash-android-arm64": "1.3.0",
        "@node-rs/xxhash-darwin-arm64": "1.3.0",
        "@node-rs/xxhash-darwin-x64": "1.3.0",
        "@node-rs/xxhash-freebsd-x64": "1.3.0",
        "@node-rs/xxhash-linux-arm-gnueabihf": "1.3.0",
        "@node-rs/xxhash-linux-arm64-gnu": "1.3.0",
        "@node-rs/xxhash-linux-arm64-musl": "1.3.0",
        "@node-rs/xxhash-linux-x64-gnu": "1.3.0",
        "@node-rs/xxhash-linux-x64-musl": "1.3.0",
        "@node-rs/xxhash-win32-arm64-msvc": "1.3.0",
        "@node-rs/xxhash-win32-ia32-msvc": "1.3.0",
        "@node-rs/xxhash-win32-x64-msvc": "1.3.0"
      }
    },
    "node_modules/@node-rs/xxhash-android-arm-eabi": {
      "version": "1.3.0",
      "resolved": "https://registry.npmjs.org/@node-rs/xxhash-android-arm-eabi/-/xxhash-android-arm-eabi-1.3.0.tgz",
      "integrity": "sha512-Wq2pFlOYs6JpPn23lcRyxjSUmVuv92w+vywuhba4Bj556r3RPYbZH49LGfu90AdcUlEYI/+RwVKjSFusz5zTPA==",
      "cpu": [
        "arm"
      ],
      "optional": true,
      "os": [
        "android"
      ],
      "peer": true,
      "engines": {
        "node": ">= 12"
      }
    },
    "node_modules/@node-rs/xxhash-android-arm64": {
      "version": "1.3.0",
      "resolved": "https://registry.npmjs.org/@node-rs/xxhash-android-arm64/-/xxhash-android-arm64-1.3.0.tgz",
      "integrity": "sha512-dw77/P7jHgtZzReGRgqc2PS6wmfCn/1PVKVQZW/b/6/10E4EiDWgiD4U6BxSN+2InePnsfb/IRjJ9dvkmiNHVg==",
      "cpu": [
        "arm64"
      ],
      "optional": true,
      "os": [
        "android"
      ],
      "peer": true,
      "engines": {
        "node": ">= 12"
      }
    },
    "node_modules/@node-rs/xxhash-darwin-arm64": {
      "version": "1.3.0",
      "resolved": "https://registry.npmjs.org/@node-rs/xxhash-darwin-arm64/-/xxhash-darwin-arm64-1.3.0.tgz",
      "integrity": "sha512-2SKiITOr5Lt35vv2PpdcKV7mhdfudR0Cheuk9dj1fBx6hXrl9lDf5Yu+RWPC1j8CskSYbxFqWQC1iSZJD1MFcw==",
      "cpu": [
        "arm64"
      ],
      "optional": true,
      "os": [
        "darwin"
      ],
      "peer": true,
      "engines": {
        "node": ">= 12"
      }
    },
    "node_modules/@node-rs/xxhash-darwin-x64": {
      "version": "1.3.0",
      "resolved": "https://registry.npmjs.org/@node-rs/xxhash-darwin-x64/-/xxhash-darwin-x64-1.3.0.tgz",
      "integrity": "sha512-V4D05YuiI7Hwn1L8IKr3cEhERBEd+mFte0aKM1rnlMxFV4IBtdevM8asXv4hKcJTtV+4h0QAVpTydb4+MW21KQ==",
      "cpu": [
        "x64"
      ],
      "optional": true,
      "os": [
        "darwin"
      ],
      "peer": true,
      "engines": {
        "node": ">= 12"
      }
    },
    "node_modules/@node-rs/xxhash-freebsd-x64": {
      "version": "1.3.0",
      "resolved": "https://registry.npmjs.org/@node-rs/xxhash-freebsd-x64/-/xxhash-freebsd-x64-1.3.0.tgz",
      "integrity": "sha512-/tffg1aJ/M2XDwCKVOkUs/J3aCarZzTJbTg26mi4T6E9YqSjpCNIkQidJPZT2VEIw2xqU/Rlj+ccar39vVk2ww==",
      "cpu": [
        "x64"
      ],
      "optional": true,
      "os": [
        "freebsd"
      ],
      "peer": true,
      "engines": {
        "node": ">= 12"
      }
    },
    "node_modules/@node-rs/xxhash-linux-arm-gnueabihf": {
      "version": "1.3.0",
      "resolved": "https://registry.npmjs.org/@node-rs/xxhash-linux-arm-gnueabihf/-/xxhash-linux-arm-gnueabihf-1.3.0.tgz",
      "integrity": "sha512-zjpHjOonCdBb+ccAtHO3HShc7sXKe1PsMWY9kklAX1Gxv+MRok0+ZzmLvO878IRExgKgMQESG27y+gey15yu8Q==",
      "cpu": [
        "arm"
      ],
      "optional": true,
      "os": [
        "linux"
      ],
      "peer": true,
      "engines": {
        "node": ">= 12"
      }
    },
    "node_modules/@node-rs/xxhash-linux-arm64-gnu": {
      "version": "1.3.0",
      "resolved": "https://registry.npmjs.org/@node-rs/xxhash-linux-arm64-gnu/-/xxhash-linux-arm64-gnu-1.3.0.tgz",
      "integrity": "sha512-Ayr72tbWAsroADMBNnV/cuDFgwKDKXxFoDGdGrtL11A4Fyn39dQwsh3hgL2iO+JeLHIqsfSej+djBE5XaLQGjQ==",
      "cpu": [
        "arm64"
      ],
      "optional": true,
      "os": [
        "linux"
      ],
      "peer": true,
      "engines": {
        "node": ">= 12"
      }
    },
    "node_modules/@node-rs/xxhash-linux-arm64-musl": {
      "version": "1.3.0",
      "resolved": "https://registry.npmjs.org/@node-rs/xxhash-linux-arm64-musl/-/xxhash-linux-arm64-musl-1.3.0.tgz",
      "integrity": "sha512-CkvDh0+gAyTuy3J3jZa5mUO64GV9701VC5iOsd5IN4iJz9DYiv/C+7ci9d0CwcjsWm3/oNM35K1IlX52xPfQdw==",
      "cpu": [
        "arm64"
      ],
      "optional": true,
      "os": [
        "linux"
      ],
      "peer": true,
      "engines": {
        "node": ">= 12"
      }
    },
    "node_modules/@node-rs/xxhash-linux-x64-gnu": {
      "version": "1.3.0",
      "resolved": "https://registry.npmjs.org/@node-rs/xxhash-linux-x64-gnu/-/xxhash-linux-x64-gnu-1.3.0.tgz",
      "integrity": "sha512-F6wqncSd+Cp+Hfaumo0hrb5TIKdJtNCOGRCmeKH7XmJu5iDzinIPYb0TLKNlpfIKVlMT2xE+PWq3YF4K1+zgyw==",
      "cpu": [
        "x64"
      ],
      "optional": true,
      "os": [
        "linux"
      ],
      "peer": true,
      "engines": {
        "node": ">= 12"
      }
    },
    "node_modules/@node-rs/xxhash-linux-x64-musl": {
      "version": "1.3.0",
      "resolved": "https://registry.npmjs.org/@node-rs/xxhash-linux-x64-musl/-/xxhash-linux-x64-musl-1.3.0.tgz",
      "integrity": "sha512-YdUrXxSMk20Hn/16DClyerpk4vWuHrEUOMK6Vuov+xYHehkd33MFDUyTg0O5//VPUWP49FS/wzDNtSHQVEJNcg==",
      "cpu": [
        "x64"
      ],
      "optional": true,
      "os": [
        "linux"
      ],
      "peer": true,
      "engines": {
        "node": ">= 12"
      }
    },
    "node_modules/@node-rs/xxhash-win32-arm64-msvc": {
      "version": "1.3.0",
      "resolved": "https://registry.npmjs.org/@node-rs/xxhash-win32-arm64-msvc/-/xxhash-win32-arm64-msvc-1.3.0.tgz",
      "integrity": "sha512-qwf12QVJNkaLvgCza05bJM1DC2xHRh/UUG6kE6tE+x+a3rP4008V0i5ns6fl0UMM+gts1uHUpW6dPIWkVqq86Q==",
      "cpu": [
        "arm64"
      ],
      "optional": true,
      "os": [
        "win32"
      ],
      "peer": true,
      "engines": {
        "node": ">= 12"
      }
    },
    "node_modules/@node-rs/xxhash-win32-ia32-msvc": {
      "version": "1.3.0",
      "resolved": "https://registry.npmjs.org/@node-rs/xxhash-win32-ia32-msvc/-/xxhash-win32-ia32-msvc-1.3.0.tgz",
      "integrity":