{
  "name": "stockbets",
  "version": "0.1.0",
  "lockfileVersion": 2,
  "requires": true,
  "packages": {
    "": {
      "name": "stockbets",
      "version": "0.1.0",
      "dependencies": {
        "@nestjs/axios": "^2.0.0",
        "@next-auth/prisma-adapter": "^0.4.4-canary.81",
        "@next/font": "^13.1.6",
        "@prisma/client": "^4.12.0",
        "@types/node": "18.13.0",
        "@types/react": "18.0.27",
        "@types/react-dom": "18.0.10",
        "axios": "^1.3.4",
        "bcryptjs": "^2.4.3",
        "cookie-parser": "^1.4.6",
        "eslint": "8.33.0",
        "eslint-config-next": "13.1.6",
        "express": "^4.18.2",
        "jsonwebtoken": "^9.0.0",
        "nest-next": "^10.1.0",
        "next": "13.1.6",
        "next-auth": "^4.20.1",
        "pg": "^8.10.0",
        "pg-promise": "^11.4.3",
        "prisma": "^4.11.0",
        "react": "18.2.0",
        "react-dom": "18.2.0",
        "reflect-metadata": "^0.1.13",
        "typescript": "^4.9.5"
      },
      "devDependencies": {
        "@types/bcryptjs": "^2.4.2",
        "@types/express": "^4.17.17",
        "@types/next-auth": "^3.15.0",
        "@types/pg": "^8.6.6"
      }
    },
    "node_modules/@babel/runtime": {
      "version": "7.20.13",
      "resolved": "https://registry.npmjs.org/@babel/runtime/-/runtime-7.20.13.tgz",
      "integrity": "sha512-gt3PKXs0DBoL9xCvOIIZ2NEqAGZqHjAnmVbfQtB620V0uReIQutpel14KcneZuer7UioY8ALKZ7iocavvzTNFA==",
      "dependencies": {
        "regenerator-runtime": "^0.13.11"
      },
      "engines": {
        "node": ">=6.9.0"
      }
    },
    "node_modules/@eslint/eslintrc": {
      "version": "1.4.1",
      "resolved": "https://registry.npmjs.org/@eslint/eslintrc/-/eslintrc-1.4.1.tgz",
      "integrity": "sha512-XXrH9Uarn0stsyldqDYq8r++mROmWRI1xKMXa640Bb//SY1+ECYX6VzT6Lcx5frD0V30XieqJ0oX9I2Xj5aoMA==",
      "dependencies": {
        "ajv": "^6.12.4",
        "debug": "^4.3.2",
        "espree": "^9.4.0",
        "globals": "^13.19.0",
        "ignore": "^5.2.0",
        "import-fresh": "^3.2.1",
        "js-yaml": "^4.1.0",
        "minimatch": "^3.1.2",
        "strip-json-comments": "^3.1.1"
      },
      "engines": {
        "node": "^12.22.0 || ^14.17.0 || >=16.0.0"
      },
      "funding": {
        "url": "https://opencollective.com/eslint"
      }
    },
    "node_modules/@humanwhocodes/config-array": {
      "version": "0.11.8",
      "resolved": "https://registry.npmjs.org/@humanwhocodes/config-array/-/config-array-0.11.8.tgz",
      "integrity": "sha512-UybHIJzJnR5Qc/MsD9Kr+RpO2h+/P1GhOwdiLPXK5TWk5sgTdu88bTD9UP+CKbPPh5Rni1u0GjAdYQLemG8g+g==",
      "dependencies": {
        "@humanwhocodes/object-schema": "^1.2.1",
        "debug": "^4.1.1",
        "minimatch": "^3.0.5"
      },
      "engines": {
        "node": ">=10.10.0"
      }
    },
    "node_modules/@humanwhocodes/module-importer": {
      "version": "1.0.1",
      "resolved": "https://registry.npmjs.org/@humanwhocodes/module-importer/-/module-importer-1.0.1.tgz",
      "integrity": "sha512-bxveV4V8v5Yb4ncFTT3rPSgZBOpCkjfK0y4oVVVJwIuDVBRMDXrPyXRL988i5ap9m9bnyEEjWfm5WkBmtffLfA==",
      "engines": {
        "node": ">=12.22"
      },
      "funding": {
        "type": "github",
        "url": "https://github.com/sponsors/nzakas"
      }
    },
    "node_modules/@humanwhocodes/object-schema": {
      "version": "1.2.1",
      "resolved": "https://registry.npmjs.org/@humanwhocodes/object-schema/-/object-schema-1.2.1.tgz",
      "integrity": "sha512-ZnQMnLV4e7hDlUvw8H+U8ASL02SS2Gn6+9Ac3wGGLIe7+je2AeAOxPY+izIPJDfFDb7eDjev0Us8MO1iFRN8hA=="
    },
    "node_modules/@lukeed/csprng": {
      "version": "1.0.1",
      "resolved": "https://registry.npmjs.org/@lukeed/csprng/-/csprng-1.0.1.tgz",
      "integrity": "sha512-uSvJdwQU5nK+Vdf6zxcWAY2A8r7uqe+gePwLWzJ+fsQehq18pc0I2hJKwypZ2aLM90+Er9u1xn4iLJPZ+xlL4g==",
      "peer": true,
      "engines": {
        "node": ">=8"
      }
    },
    "node_modules/@nestjs/axios": {
      "version": "2.0.0",
      "resolved": "https://registry.npmjs.org/@nestjs/axios/-/axios-2.0.0.tgz",
      "integrity": "sha512-F6oceoQLEn031uun8NiommeMkRIojQqVryxQy/mK7fx0CI0KbgkJL3SloCQcsOD+agoEnqKJKXZpEvL6FNswJg==",
      "peerDependencies": {
        "@nestjs/common": "^7.0.0 || ^8.0.0 || ^9.0.0",
        "axios": "^1.3.1",
        "reflect-metadata": "^0.1.12",
        "rxjs": "^6.0.0 || ^7.0.0"
      }
    },
    "node_modules/@nestjs/common": {
      "version": "9.3.5",
      "resolved": "https://registry.npmjs.org/@nestjs/common/-/common-9.3.5.tgz",
      "integrity": "sha512-18pEYuE+4Lj6r5kYbgy+S2Udmhxqd80dyVZkEcWt8mIwykVeGAITrJ/NIr26aQXoXXy0J3WNhqT7So3qh32ZZA==",
      "peer": true,
      "dependencies": {
        "iterare": "1.2.1",
        "tslib": "2.5.0",
        "uid": "2.0.1"
      },
      "funding": {
        "type": "opencollective",
        "url": "https://opencollective.com/nest"
      },
      "peerDependencies": {
        "cache-manager": "<=5",
        "class-transformer": "*",
        "class-validator": "*",
        "reflect-metadata": "^0.1.12",
        "rxjs": "^7.1.0"
      },
      "peerDependenciesMeta": {
        "cache-manager": {
          "optional": true
        },
        "class-transformer": {
          "optional": true
        },
        "class-validator": {
          "optional": true
        }
      }
    },
    "node_modules/@nestjs/core": {
      "version": "9.3.5",
      "resolved": "https://registry.npmjs.org/@nestjs/core/-/core-9.3.5.tgz",
      "integrity": "sha512-dRVasVaIvNVTvoSXMNDS3aQYPwJt30y59i6i29ZjK+kifmBVgThYLev1tAOLVmao4Pmxcua8NNNAg2UZ2RxlQA==",
      "hasInstallScript": true,
      "peer": true,
      "dependencies": {
        "@node-rs/xxhash": "^1.3.0",
        "@nuxtjs/opencollective": "0.3.2",
        "fast-safe-stringify": "2.1.1",
        "iterare": "1.2.1",
        "path-to-regexp": "3.2.0",
        "tslib": "2.5.0",
        "uid": "2.0.1"
      },
      "funding": {
        "type": "opencollective",
        "url": "https://opencollective.com/nest"
      },
      "peerDependencies": {
        "@nestjs/common": "^9.0.0",
        "@nestjs/microservices": "^9.0.0",
        "@nestjs/platform-express": "^9.0.0",
        "@nestjs/websockets": "^9.0.0",
        "reflect-metadata": "^0.1.12",
        "rxjs": "^7.1.0"
      },
      "peerDependenciesMeta": {
        "@nestjs/microservices": {
          "optional": true
        },
        "@nestjs/platform-express": {
          "optional": true
        },
        "@nestjs/websockets": {
          "optional": true
        }
      }
    },
    "node_modules/@next-auth/prisma-adapter": {
      "version": "0.4.4-canary.81",
      "resolved": "https://registry.npmjs.org/@next-auth/prisma-adapter/-/prisma-adapter-0.4.4-canary.81.tgz",
      "integrity": "sha512-RXdjrRkK4A3ksMdGXIyDmYBcgdpmbVqSGDoaH2X7P/MLBngh3/GO8TFGpiLwiUt1o4+Py81KICZYvBgatRP+Ew==",
      "peerDependencies": {
        "@prisma/client": ">=2.16.0",
        "next-auth": ">=3.19.2"
      }
    },
    "node_modules/@next/env": {
      "version": "13.1.6",
      "resolved": "https://registry.npmjs.org/@next/env/-/env-13.1.6.tgz",
      "integrity": "sha512-s+W9Fdqh5MFk6ECrbnVmmAOwxKQuhGMT7xXHrkYIBMBcTiOqNWhv5KbJIboKR5STXxNXl32hllnvKaffzFaWQg=="
    },
    "node_modules/@next/eslint-plugin-next": {
      "version": "13.1.6",
      "resolved": "https://registry.npmjs.org/@next/eslint-plugin-next/-/eslint-plugin-next-13.1.6.tgz",
      "integrity": "sha512-o7cauUYsXjzSJkay8wKjpKJf2uLzlggCsGUkPu3lP09Pv97jYlekTC20KJrjQKmSv5DXV0R/uks2ZXhqjNkqAw==",
      "dependencies": {
        "glob": "7.1.7"
      }
    },
    "node_modules/@next/font": {
      "version": "13.1.6",
      "resolved": "https://registry.npmjs.org/@next/font/-/font-13.1.6.tgz",
      "integrity": "sha512-AITjmeb1RgX1HKMCiA39ztx2mxeAyxl4ljv2UoSBUGAbFFMg8MO7YAvjHCgFhD39hL7YTbFjol04e/BPBH5RzQ=="
    },
    "node_modules/@next/swc-android-arm-eabi": {
      "version": "13.1.6",
      "resolved": "https://registry.npmjs.org/@next/swc-android-arm-eabi/-/swc-android-arm-eabi-13.1.6.tgz",
      "integrity": "sha512-F3/6Z8LH/pGlPzR1AcjPFxx35mPqjE5xZcf+IL+KgbW9tMkp7CYi1y7qKrEWU7W4AumxX/8OINnDQWLiwLasLQ==",
      "cpu": [
        "arm"
      ],
      "optional": true,
      "os": [
        "android"
      ],
      "engines": {
        "node": ">= 10"
      }
    },
    "node_modules/@next/swc-android-arm64": {
      "version": "13.1.6",
      "resolved": "https://registry.npmjs.org/@next/swc-android-arm64/-/swc-android-arm64-13.1.6.tgz",
      "integrity": "sha512-cMwQjnB8vrYkWyK/H0Rf2c2pKIH4RGjpKUDvbjVAit6SbwPDpmaijLio0LWFV3/tOnY6kvzbL62lndVA0mkYpw==",
      "cpu": [
        "arm64"
      ],
      "optional": true,
      "os": [
        "android"
      ],
      "engines": {
        "node": ">= 10"
      }
    },
    "node_modules/@next/swc-darwin-arm64": {
      "version": "13.1.6",
      "resolved": "https://registry.npmjs.org/@next/swc-darwin-arm64/-/swc-darwin-arm64-13.1.6.tgz",
      "integrity": "sha512-KKRQH4DDE4kONXCvFMNBZGDb499Hs+xcFAwvj+rfSUssIDrZOlyfJNy55rH5t2Qxed1e4K80KEJgsxKQN1/fyw==",
      "cpu": [
        "arm64"
      ],
      "optional": true,
      "os": [
        "darwin"
      ],
      "engines": {
        "node": ">= 10"
      }
    },
    "node_modules/@next/swc-darwin-x64": {
      "version": "13.1.6",
      "resolved": "https://registry.npmjs.org/@next/swc-darwin-x64/-/swc-darwin-x64-13.1.6.tgz",
      "integrity": "sha512-/uOky5PaZDoaU99ohjtNcDTJ6ks/gZ5ykTQDvNZDjIoCxFe3+t06bxsTPY6tAO6uEAw5f6vVFX5H5KLwhrkZCA==",
      "cpu": [
        "x64"
      ],
      "optional": true,
      "os": [
        "darwin"
      ],
      "engines": {
        "node": ">= 10"
      }
    },
    "node_modules/@next/swc-freebsd-x64": {
      "version": "13.1.6",
      "resolved": "https://registry.npmjs.org/@next/swc-freebsd-x64/-/swc-freebsd-x64-13.1.6.tgz",
      "integrity": "sha512-qaEALZeV7to6weSXk3Br80wtFQ7cFTpos/q+m9XVRFggu+8Ib895XhMWdJBzew6aaOcMvYR6KQ6JmHA2/eMzWw==",
      "cpu": [
        "x64"
      ],
      "optional": true,
      "os": [
        "freebsd"
      ],
      "engines": {
        "node": ">= 10"
      }
    },
    "node_modules/@next/swc-linux-arm-gnueabihf": {
      "version": "13.1.6",
      "resolved": "https://registry.npmjs.org/@next/swc-linux-arm-gnueabihf/-/swc-linux-arm-gnueabihf-13.1.6.tgz",
      "integrity": "sha512-OybkbC58A1wJ+JrJSOjGDvZzrVEQA4sprJejGqMwiZyLqhr9Eo8FXF0y6HL+m1CPCpPhXEHz/2xKoYsl16kNqw==",
      "cpu": [
        "arm"
      ],
      "optional": true,
      "os": [
        "linux"
      ],
      "engines": {
        "node": ">= 10"
      }
    },
    "node_modules/@next/swc-linux-arm64-gnu": {
      "version": "13.1.6",
      "resolved": "https://registry.npmjs.org/@next/swc-linux-arm64-gnu/-/swc-linux-arm64-gnu-13.1.6.tgz",
      "integrity": "sha512-yCH+yDr7/4FDuWv6+GiYrPI9kcTAO3y48UmaIbrKy8ZJpi7RehJe3vIBRUmLrLaNDH3rY1rwoHi471NvR5J5NQ==",
      "cpu": [
        "arm64"
      ],
      "optional": true,
      "os": [
        "linux"
      ],
      "engines": {
        "node": ">= 10"
      }
    },
    "node_modules/@next/swc-linux-arm64-musl": {
      "version": "13.1.6",
      "resolved": "https://registry.npmjs.org/@next/swc-linux-arm64-musl/-/swc-linux-arm64-musl-13.1.6.tgz",
      "integrity": "sha512-ECagB8LGX25P9Mrmlc7Q/TQBb9rGScxHbv/kLqqIWs2fIXy6Y/EiBBiM72NTwuXUFCNrWR4sjUPSooVBJJ3ESQ==",
      "cpu": [
        "arm64"
      ],
      "optional": true,
      "os": [
        "linux"
      ],
      "engines": {
        "node": ">= 10"
      }
    },
    "node_modules/@next/swc-linux-x64-gnu": {
      "version": "13.1.6",
      "resolved": "https://registry.npmjs.org/@next/swc-linux-x64-gnu/-/swc-linux-x64-gnu-13.1.6.tgz",
      "integrity": "sha512-GT5w2mruk90V/I5g6ScuueE7fqj/d8Bui2qxdw6lFxmuTgMeol5rnzAv4uAoVQgClOUO/MULilzlODg9Ib3Y4Q==",
      "cpu": [
        "x64"
      ],
      "optional": true,
      "os": [
        "linux"
      ],
      "engines": {
        "node": ">= 10"
      }
    },
    "node_modules/@next/swc-linux-x64-musl": {
      "version": "13.1.6",
      "resolved": "https://registry.npmjs.org/@next/swc-linux-x64-musl/-/swc-linux-x64-musl-13.1.6.tgz",
      "integrity": "sha512-keFD6KvwOPzmat4TCnlnuxJCQepPN+8j3Nw876FtULxo8005Y9Ghcl7ACcR8GoiKoddAq8gxNBrpjoxjQRHeAQ==",
      "cpu": [
        "x64"
      ],
      "optional": true,
      "os": [
        "linux"
      ],
      "engines": {
        "node": ">= 10"
      }
    },
    "node_modules/@next/swc-win32-arm64-msvc": {
      "version": "13.1.6",
      "resolved": "https://registry.npmjs.org/@next/swc-win32-arm64-msvc/-/swc-win32-arm64-msvc-13.1.6.tgz",
      "integrity": "sha512-OwertslIiGQluFvHyRDzBCIB07qJjqabAmINlXUYt7/sY7Q7QPE8xVi5beBxX/rxTGPIbtyIe3faBE6Z2KywhQ==",
      "cpu": [
        "arm64"
      ],
      "optional": true,
      "os": [
        "win32"
      ],
      "engines": {
        "node": ">= 10"
      }
    },
    "node_modules/@next/swc-win32-ia32-msvc": {
      "version": "13.1.6",
      "resolved": "https://registry.npmjs.org/@next/swc-win32-ia32-msvc/-/swc-win32-ia32-msvc-13.1.6.tgz",
      "integrity": "sha512-g8zowiuP8FxUR9zslPmlju7qYbs2XBtTLVSxVikPtUDQedhcls39uKYLvOOd1JZg0ehyhopobRoH1q+MHlIN/w==",
      "cpu": [
        "ia32"
      ],
      "optional": true,
      "os": [
        "win32"
      ],
      "engines": {
        "node": ">= 10"
      }
    },
    "node_modules/@next/swc-win32-x64-msvc": {
      "version": "13.1.6",
      "resolved": "https://registry.npmjs.org/@next/swc-win32-x64-msvc/-/swc-win32-x64-msvc-13.1.6.tgz",
      "integrity": "sha512-Ls2OL9hi3YlJKGNdKv8k3X/lLgc3VmLG3a/DeTkAd+lAituJp8ZHmRmm9f9SL84fT3CotlzcgbdaCDfFwFA6bA==",
      "cpu": [
        "x64"
      ],
      "optional": true,
      "os": [
        "win32"
      ],
      "engines": {
        "node": ">= 10"
      }
    },
    "node_modules/@node-rs/xxhash": {
      "version": "1.3.0",
      "resolved": "https://registry.npmjs.org/@node-rs/xxhash/-/xxhash-1.3.0.tgz",
      "integrity": "sha512-uy+/zGE0p17e9qbeo6aul/TaRBpRr9p7oDgSgkqduCWDr2vFGqdJuKM8ENmG3uuE9B6CNXhwf4Mho5xZ2kmWFQ==",
      "peer": true,
      "engines": {
        "node": ">= 12"
      },
      "funding": {
        "type": "github",
        "url": "https://github.com/sponsors/Brooooooklyn"
      },
      "optionalDependencies": {
        "@node-rs/xxhash-android-arm-eabi": "1.3.0",
        "@node-rs/xxhash-android-arm64": "1.3.0",
        "@node-rs/xxhash-darwin-arm64": "1.3.0",
        "@node-rs/xxhash-darwin-x64": "1.3.0",
        "@node-rs/xxhash-freebsd-x64": "1.3.0",
        "@node-rs/xxhash-linux-arm-gnueabihf": "1.3.0",
        "@node-rs/xxhash-linux-arm64-gnu": "1.3.0",
        "@node-rs/xxhash-linux-arm64-musl": "1.3.0",
        "@node-rs/xxhash-linux-x64-gnu": "1.3.0",
        "@node-rs/xxhash-linux-x64-musl": "1.3.0",
        "@node-rs/xxhash-win32-arm64-msvc": "1.3.0",
        "@node-rs/xxhash-win32-ia32-msvc": "1.3.0",
        "@node-rs/xxhash-win32-x64-msvc": "1.3.0"
      }
    },
    "node_modules/@node-rs/xxhash-android-arm-eabi": {
      "version": "1.3.0",
      "resolved": "https://registry.npmjs.org/@node-rs/xxhash-android-arm-eabi/-/xxhash-android-arm-eabi-1.3.0.tgz",
      "integrity": "sha512-Wq2pFlOYs6JpPn23lcRyxjSUmVuv92w+vywuhba4Bj556r3RPYbZH49LGfu90AdcUlEYI/+RwVKjSFusz5zTPA==",
      "cpu": [
        "arm"
      ],
      "optional": true,
      "os": [
        "android"
      ],
      "peer": true,
      "engines": {
        "node": ">= 12"
      }
    },
    "node_modules/@node-rs/xxhash-android-arm64": {
      "version": "1.3.0",
      "resolved": "https://registry.npmjs.org/@node-rs/xxhash-android-arm64/-/xxhash-android-arm64-1.3.0.tgz",
      "integrity": "sha512-dw77/P7jHgtZzReGRgqc2PS6wmfCn/1PVKVQZW/b/6/10E4EiDWgiD4U6BxSN+2InePnsfb/IRjJ9dvkmiNHVg==",
      "cpu": [
        "arm64"
      ],
      "optional": true,
      "os": [
        "android"
      ],
      "peer": true,
      "engines": {
        "node": ">= 12"
      }
    },
    "node_modules/@node-rs/xxhash-darwin-arm64": {
      "version": "1.3.0",
      "resolved": "https://registry.npmjs.org/@node-rs/xxhash-darwin-arm64/-/xxhash-darwin-arm64-1.3.0.tgz",
      "integrity": "sha512-2SKiITOr5Lt35vv2PpdcKV7mhdfudR0Cheuk9dj1fBx6hXrl9lDf5Yu+RWPC1j8CskSYbxFqWQC1iSZJD1MFcw==",
      "cpu": [
        "arm64"
      ],
      "optional": true,
      "os": [
        "darwin"
      ],
      "peer": true,
      "engines": {
        "node": ">= 12"
      }
    },
    "node_modules/@node-rs/xxhash-darwin-x64": {
      "version": "1.3.0",
      "resolved": "https://registry.npmjs.org/@node-rs/xxhash-darwin-x64/-/xxhash-darwin-x64-1.3.0.tgz",
      "integrity": "sha512-V4D05YuiI7Hwn1L8IKr3cEhERBEd+mFte0aKM1rnlMxFV4IBtdevM8asXv4hKcJTtV+4h0QAVpTydb4+MW21KQ==",
      "cpu": [
        "x64"
      ],
      "optional": true,
      "os": [
        "darwin"
      ],
      "peer": true,
      "engines": {
        "node": ">= 12"
      }
    },
    "node_modules/@node-rs/xxhash-freebsd-x64": {
      "version": "1.3.0",
      "resolved": "https://registry.npmjs.org/@node-rs/xxhash-freebsd-x64/-/xxhash-freebsd-x64-1.3.0.tgz",
      "integrity": "sha512-/tffg1aJ/M2XDwCKVOkUs/J3aCarZzTJbTg26mi4T6E9YqSjpCNIkQidJPZT2VEIw2xqU/Rlj+ccar39vVk2ww==",
      "cpu": [
        "x64"
      ],
      "optional": true,
      "os": [
        "freebsd"
      ],
      "peer": true,
      "engines": {
        "node": ">= 12"
      }
    },
    "node_modules/@node-rs/xxhash-linux-arm-gnueabihf": {
      "version": "1.3.0",
      "resolved": "https://registry.npmjs.org/@node-rs/xxhash-linux-arm-gnueabihf/-/xxhash-linux-arm-gnueabihf-1.3.0.tgz",
      "integrity": "sha512-zjpHjOonCdBb+ccAtHO3HShc7sXKe1PsMWY9kklAX1Gxv+MRok0+ZzmLvO878IRExgKgMQESG27y+gey15yu8Q==",
      "cpu": [
        "arm"
      ],
      "optional": true,
      "os": [
        "linux"
      ],
      "peer": true,
      "engines": {
        "node": ">= 12"
      }
    },
    "node_modules/@node-rs/xxhash-linux-arm64-gnu": {
      "version": "1.3.0",
      "resolved": "https://registry.npmjs.org/@node-rs/xxhash-linux-arm64-gnu/-/xxhash-linux-arm64-gnu-1.3.0.tgz",
      "integrity": "sha512-Ayr72tbWAsroADMBNnV/cuDFgwKDKXxFoDGdGrtL11A4Fyn39dQwsh3hgL2iO+JeLHIqsfSej+djBE5XaLQGjQ==",
      "cpu": [
        "arm64"
      ],
      "optional": true,
      "os": [
        "linux"
      ],
      "peer": true,
      "engines": {
        "node": ">= 12"
      }
    },
    "node_modules/@node-rs/xxhash-linux-arm64-musl": {
      "version": "1.3.0",
      "resolved": "https://registry.npmjs.org/@node-rs/xxhash-linux-arm64-musl/-/xxhash-linux-arm64-musl-1.3.0.tgz",
      "integrity": "sha512-CkvDh0+gAyTuy3J3jZa5mUO64GV9701VC5iOsd5IN4iJz9DYiv/C+7ci9d0CwcjsWm3/oNM35K1IlX52xPfQdw==",
      "cpu": [
        "arm64"
      ],
      "optional": true,
      "os": [
        "linux"
      ],
      "peer": true,
      "engines": {
        "node": ">= 12"
      }
    },
    "node_modules/@node-rs/xxhash-linux-x64-gnu": {
      "version": "1.3.0",
      "resolved": "https://registry.npmjs.org/@node-rs/xxhash-linux-x64-gnu/-/xxhash-linux-x64-gnu-1.3.0.tgz",
      "integrity": "sha512-F6wqncSd+Cp+Hfaumo0hrb5TIKdJtNCOGRCmeKH7XmJu5iDzinIPYb0TLKNlpfIKVlMT2xE+PWq3YF4K1+zgyw==",
      "cpu": [
        "x64"
      ],
      "optional": true,
      "os": [
        "linux"
      ],
      "peer": true,
      "engines": {
        "node": ">= 12"
      }
    },
    "node_modules/@node-rs/xxhash-linux-x64-musl": {
      "version": "1.3.0",
      "resolved": "https://registry.npmjs.org/@node-rs/xxhash-linux-x64-musl/-/xxhash-linux-x64-musl-1.3.0.tgz",
      "integrity": "sha512-YdUrXxSMk20Hn/16DClyerpk4vWuHrEUOMK6Vuov+xYHehkd33MFDUyTg0O5//VPUWP49FS/wzDNtSHQVEJNcg==",
      "cpu": [
        "x64"
      ],
      "optional": true,
      "os": [
        "linux"
      ],
      "peer": true,
      "engines": {
        "node": ">= 12"
      }
    },
    "node_modules/@node-rs/xxhash-win32-arm64-msvc": {
      "version": "1.3.0",
      "resolved": "https://registry.npmjs.org/@node-rs/xxhash-win32-arm64-msvc/-/xxhash-win32-arm64-msvc-1.3.0.tgz",
      "integrity": "sha512-qwf12QVJNkaLvgCza05bJM1DC2xHRh/UUG6kE6tE+x+a3rP4008V0i5ns6fl0UMM+gts1uHUpW6dPIWkVqq86Q==",
      "cpu": [
        "arm64"
      ],
      "optional": true,
      "os": [
        "win32"
      ],
      "peer": true,
      "engines": {
        "node": ">= 12"
      }
    },
    "node_modules/@node-rs/xxhash-win32-ia32-msvc": {
      "version": "1.3.0",
      "resolved": "https://registry.npmjs.org/@node-rs/xxhash-win32-ia32-msvc/-/xxhash-win32-ia32-msvc-1.3.0.tgz",
      "integrity": "sha512-bFVThe4OH1gbT0MXD+F3cDwEeVVjnnb3BazkkB8lH0zOwSQANc1qunftivSeYTiGupLvw/xIE0eelXjDv6w1hQ==",
      "cpu": [
        "ia32"
      ],
      "optional": true,
      "os": [
        "win32"
      ],
      "peer": true,
      "engines": {
        "node": ">= 12"
      }
    },
    "node_modules/@node-rs/xxhash-win32-x64-msvc": {
      "version": "1.3.0",
      "resolved": "https://registry.npmjs.org/@node-rs/xxhash-win32-x64-msvc/-/xxhash-win32-x64-msvc-1.3.0.tgz",
      "integrity": "sha512-hIyWzIAGGRF/WFdJd56+VgnZ37V/PzGv1GIkLEv/iDbjpap0FJpY6MBXB/WERwrBgy9QGoE3DXfT00uKCxN25A==",
      "cpu": [
        "x64"
      ],
      "optional": true,
      "os": [
        "win32"
      ],
      "peer": true,
      "engines": {
        "node": ">= 12"
      }
    },
    "node_modules/@nodelib/fs.scandir": {
      "version": "2.1.5",
      "resolved": "https://registry.npmjs.org/@nodelib/fs.scandir/-/fs.scandir-2.1.5.tgz",
      "integrity": "sha512-vq24Bq3ym5HEQm2NKCr3yXDwjc7vTsEThRDnkp2DK9p1uqLR+DHurm/NOTo0KG7HYHU7eppKZj3MyqYuMBf62g==",
      "dependencies": {
        "@nodelib/fs.stat": "2.0.5",
        "run-parallel": "^1.1.9"
      },
      "engines": {
        "node": ">= 8"
      }
    },
    "node_modules/@nodelib/fs.stat": {
      "version": "2.0.5",
      "resolved": "https://registry.npmjs.org/@nodelib/fs.stat/-/fs.stat-2.0.5.tgz",
      "integrity": "sha512-RkhPPp2zrqDAQA/2jNhnztcPAlv64XdhIp7a7454A5ovI7Bukxgt7MX7udwAu3zg1DcpPU0rz3VV1SeaqvY4+A==",
      "engines": {
        "node": ">= 8"
      }
    },
    "node_modules/@nodelib/fs.walk": {
      "version": "1.2.8",
      "resolved": "https://registry.npmjs.org/@nodelib/fs.walk/-/fs.walk-1.2.8.tgz",
      "integrity": "sha512-oGB+UxlgWcgQkgwo8GcEGwemoTFt3FIO9ababBmaGwXIoBKZ+GTy0pP185beGg7Llih/NSHSV2XAs1lnznocSg==",
      "dependencies": {
        "@nodelib/fs.scandir": "2.1.5",
        "fastq": "^1.6.0"
      },
      "engines": {
        "node": ">= 8"
      }
    },
    "node_modules/@nuxtjs/opencollective": {
      "version": "0.3.2",
      "resolved": "https://registry.npmjs.org/@nuxtjs/opencollective/-/opencollective-0.3.2.tgz",
      "integrity": "sha512-um0xL3fO7Mf4fDxcqx9KryrB7zgRM5JSlvGN5AGkP6JLM5XEKyjeAiPbNxdXVXQ16isuAhYpvP88NgL2BGd6aA==",
      "peer": true,
      "dependencies": {
        "chalk": "^4.1.0",
        "consola": "^2.15.0",
        "node-fetch": "^2.6.1"
      },
      "bin": {
        "opencollective": "bin/opencollective.js"
      },
      "engines": {
        "node": ">=8.0.0",
        "npm": ">=5.0.0"
      }
    },
    "node_modules/@panva/hkdf": {
      "version": "1.0.4",
      "resolved": "https://registry.npmjs.org/@panva/hkdf/-/hkdf-1.0.4.tgz",
      "integrity": "sha512-003xWiCuvePbLaPHT+CRuaV4GlyCAVm6XYSbBZDHoWZGn1mNkVKFaDbGJjjxmEFvizUwlCoM6O18FCBMMky2zQ==",
      "funding": {
        "url": "https://github.com/sponsors/panva"
      }
    },
    "node_modules/@pkgr/utils": {
      "version": "2.3.1",
      "resolved": "https://registry.npmjs.org/@pkgr/utils/-/utils-2.3.1.tgz",
      "integrity": "sha512-wfzX8kc1PMyUILA+1Z/EqoE4UCXGy0iRGMhPwdfae1+f0OXlLqCk+By+aMzgJBzR9AzS4CDizioG6Ss1gvAFJw==",
      "dependencies": {
        "cross-spawn": "^7.0.3",
        "is-glob": "^4.0.3",
        "open": "^8.4.0",
        "picocolors": "^1.0.0",
        "tiny-glob": "^0.2.9",
        "tslib": "^2.4.0"
      },
      "engines": {
        "node": "^12.20.0 || ^14.18.0 || >=16.0.0"
      },
      "funding": {
        "url": "https://opencollective.com/unts"
      }
    },
    "node_modules/@prisma/client": {
      "version": "4.12.0",
      "resolved": "https://registry.npmjs.org/@prisma/client/-/client-4.12.0.tgz",
      "integrity": "sha512-j9/ighfWwux97J2dS15nqhl60tYoH8V0IuSsgZDb6bCFcQD3fXbXmxjYC8GHhIgOk3lB7Pq+8CwElz2MiDpsSg==",
      "hasInstallScript": true,
      "dependencies": {
        "@prisma/engines-version": "4.12.0-67.659ef412370fa3b41cd7bf6e94587c1dfb7f67e7"
      },
      "engines": {
        "node": ">=14.17"
      },
      "peerDependencies": {
        "prisma": "*"
      },
      "peerDependenciesMeta": {
        "prisma": {
          "optional": true
        }
      }
    },
    "node_modules/@prisma/engines": {
      "version": "4.11.0",
      "resolved": "https://registry.npmjs.org/@prisma/engines/-/engines-4.11.0.tgz",
      "integrity": "sha512-0AEBi2HXGV02cf6ASsBPhfsVIbVSDC9nbQed4iiY5eHttW9ZtMxHThuKZE1pnESbr8HRdgmFSa/Kn4OSNYuibg==",
      "hasInstallScript": true
    },
    "node_modules/@prisma/engines-version": {
      "version": "4.12.0-67.659ef412370fa3b41cd7bf6e94587c1dfb7f67e7",
      "resolved": "https://registry.npmjs.org/@prisma/engines-version/-/engines-version-4.12.0-67.659ef412370fa3b41cd7bf6e94587c1dfb7f67e7.tgz",
      "integrity": "sha512-JIHNj5jlXb9mcaJwakM0vpgRYJIAurxTUqM0iX0tfEQA5XLZ9ONkIckkhuAKdAzocZ+80GYg7QSsfpjg7OxbOA=="
    },
    "node_modules/@rushstack/eslint-patch": {
      "version": "1.2.0",
      "resolved": "https://registry.npmjs.org/@rushstack/eslint-patch/-/eslint-patch-1.2.0.tgz",
      "integrity": "sha512-sXo/qW2/pAcmT43VoRKOJbDOfV3cYpq3szSVfIThQXNt+E4DfKj361vaAt3c88U5tPUxzEswam7GW48PJqtKAg=="
    },
    "node_modules/@swc/helpers": {
      "version": "0.4.14",
      "resolved": "https://registry.npmjs.org/@swc/helpers/-/helpers-0.4.14.tgz",
      "integrity": "sha512-4C7nX/dvpzB7za4Ql9K81xK3HPxCpHMgwTZVyf+9JQ6VUbn9jjZVN7/Nkdz/Ugzs2CSjqnL/UPXroiVBVHUWUw==",
      "dependencies": {
        "tslib": "^2.4.0"
      }
    },
    "node_modules/@types/bcryptjs": {
      "version": "2.4.2",
      "resolved": "https://registry.npmjs.org/@types/bcryptjs/-/bcryptjs-2.4.2.tgz",
      "integrity": "sha512-LiMQ6EOPob/4yUL66SZzu6Yh77cbzJFYll+ZfaPiPPFswtIlA/Fs1MzdKYA7JApHU49zQTbJGX3PDmCpIdDBRQ==",
      "dev": true
    },
    "node_modules/@types/body-parser": {
      "version": "1.19.2",
      "resolved": "https://registry.npmjs.org/@types/body-parser/-/body-parser-1.19.2.tgz",
      "integrity": "sha512-ALYone6pm6QmwZoAgeyNksccT9Q4AWZQ6PvfwR37GT6r6FWUPguq6sUmNGSMV2Wr761oQoBxwGGa6DR5o1DC9g==",
      "dev": true,
      "dependencies": {
        "@types/connect": "*",
        "@types/node": "*"
      }
    },
    "node_modules/@types/connect": {
      "version": "3.4.35",
      "resolved": "https://registry.npmjs.org/@types/connect/-/connect-3.4.35.tgz",
      "integrity": "sha512-cdeYyv4KWoEgpBISTxWvqYsVy444DOqehiF3fM3ne10AmJ62RSyNkUnxMJXHQWRQQX2eR94m5y1IZyDwBjV9FQ==",
      "dev": true,
      "dependencies": {
        "@types/node": "*"
      }
    },
    "node_modules/@types/express": {
      "version": "4.17.17",
      "resolved": "https://registry.npmjs.org/@types/express/-/express-4.17.17.tgz",
      "integrity": "sha512-Q4FmmuLGBG58btUnfS1c1r/NQdlp3DMfGDGig8WhfpA2YRUtEkxAjkZb0yvplJGYdF1fsQ81iMDcH24sSCNC/Q==",
      "dev": true,
      "dependencies": {
        "@types/body-parser": "*",
        "@types/express-serve-static-core": "^4.17.33",
        "@types/qs": "*",
        "@types/serve-static": "*"
      }
    },
    "node_modules/@types/express-serve-static-core": {
      "version": "4.17.33",
      "resolved": "https://registry.npmjs.org/@types/express-serve-static-core/-/express-serve-static-core-4.17.33.tgz",
      "integrity": "sha512-TPBqmR/HRYI3eC2E5hmiivIzv+bidAfXofM+sbonAGvyDhySGw9/PQZFt2BLOrjUUR++4eJVpx6KnLQK1Fk9tA==",
      "dev": true,
      "dependencies": {
        "@types/node": "*",
        "@types/qs": "*",
        "@types/range-parser": "*"
      }
    },
    "node_modules/@types/json5": {
      "version": "0.0.29",
      "resolved": "https://registry.npmjs.org/@types/json5/-/json5-0.0.29.tgz",
      "integrity": "sha512-dRLjCWHYg4oaA77cxO64oO+7JwCwnIzkZPdrrC71jQmQtlhM556pwKo5bUzqvZndkVbeFLIIi+9TC40JNF5hNQ=="
    },
    "node_modules/@types/mime": {
      "version": "3.0.1",
      "resolved": "https://registry.npmjs.org/@types/mime/-/mime-3.0.1.tgz",
      "integrity": "sha512-Y4XFY5VJAuw0FgAqPNd6NNoV44jbq9Bz2L7Rh/J6jLTiHBSBJa9fxqQIvkIld4GsoDOcCbvzOUAbLPsSKKg+uA==",
      "dev": true
    },
    "node_modules/@types/next-auth": {
      "version": "3.15.0",
      "resolved": "https://registry.npmjs.org/@types/next-auth/-/next-auth-3.15.0.tgz",
      "integrity": "sha512-ZVfejlu81YiIRX1m0iKAfvZ3nK7K9EyZWhNARNKsFop8kNAgEvMnlKpTpwN59xkK2OhyWLagPuiDAVBYSO9jSA==",
      "deprecated": "This is a stub types definition. next-auth provides its own type definitions, so you do not need this installed.",
      "dev": true,
      "dependencies": {
        "next-auth": "*"
      }
    },
    "node_modules/@types/node": {
      "version": "18.13.0",
      "resolved": "https://registry.npmjs.org/@types/node/-/node-18.13.0.tgz",
      "integrity": "sha512-gC3TazRzGoOnoKAhUx+Q0t8S9Tzs74z7m0ipwGpSqQrleP14hKxP4/JUeEQcD3W1/aIpnWl8pHowI7WokuZpXg=="
    },
    "node_modules/@types/pg": {
      "version": "8.6.6",
      "resolved": "https://registry.npmjs.org/@types/pg/-/pg-8.6.6.tgz",
      "integrity": "sha512-O2xNmXebtwVekJDD+02udOncjVcMZQuTEQEMpKJ0ZRf5E7/9JJX3izhKUcUifBkyKpljyUM6BTgy2trmviKlpw==",
      "dev": true,
      "dependencies": {
        "@types/node": "*",
        "pg-protocol": "*",
        "pg-types": "^2.2.0"
      }
    },
    "node_modules/@types/prop-types": {
      "version": "15.7.5",
      "resolved": "https://registry.npmjs.org/@types/prop-types/-/prop-types-15.7.5.tgz",
      "integrity": "sha512-JCB8C6SnDoQf0cNycqd/35A7MjcnK+ZTqE7judS6o7utxUCg6imJg3QK2qzHKszlTjcj2cn+NwMB2i96ubpj7w=="
    },
    "node_modules/@types/qs": {
      "version": "6.9.7",
      "resolved": "https://registry.npmjs.org/@types/qs/-/qs-6.9.7.tgz",
      "integrity": "sha512-FGa1F62FT09qcrueBA6qYTrJPVDzah9a+493+o2PCXsesWHIn27G98TsSMs3WPNbZIEj4+VJf6saSFpvD+3Zsw==",
      "dev": true
    },
    "node_modules/@types/range-parser": {
      "version": "1.2.4",
      "resolved": "https://registry.npmjs.org/@types/range-parser/-/range-parser-1.2.4.tgz",
      "integrity": "sha512-EEhsLsD6UsDM1yFhAvy0Cjr6VwmpMWqFBCb9w07wVugF7w9nfajxLuVmngTIpgS6svCnm6Vaw+MZhoDCKnOfsw==",
      "dev": true
    },
    "node_modules/@types/react": {
      "version": "18.0.27",
      "resolved": "https://registry.npmjs.org/@types/react/-/react-18.0.27.tgz",
      "integrity": "sha512-3vtRKHgVxu3Jp9t718R9BuzoD4NcQ8YJ5XRzsSKxNDiDonD2MXIT1TmSkenxuCycZJoQT5d2vE8LwWJxBC1gmA==",
      "dependencies": {
        "@types/prop-types": "*",
        "@types/scheduler": "*",
        "csstype": "^3.0.2"
      }
    },
    "node_modules/@types/react-dom": {
      "version": "18.0.10",
      "resolved": "https://registry.npmjs.org/@types/react-dom/-/react-dom-18.0.10.tgz",
      "integrity": "sha512-E42GW/JA4Qv15wQdqJq8DL4JhNpB3prJgjgapN3qJT9K2zO5IIAQh4VXvCEDupoqAwnz0cY4RlXeC/ajX5SFHg==",
      "dependencies": {
        "@types/react": "*"
      }
    },
    "node_modules/@types/scheduler": {
      "version": "0.16.2",
      "resolved": "https://registry.npmjs.org/@types/scheduler/-/scheduler-0.16.2.tgz",
      "integrity": "sha512-hppQEBDmlwhFAXKJX2KnWLYu5yMfi91yazPb2l+lbJiwW+wdo1gNeRA+3RgNSO39WYX2euey41KEwnqesU2Jew=="
    },
    "node_modules/@types/serve-static": {
      "version": "1.15.1",
      "resolved": "https://registry.npmjs.org/@types/serve-static/-/serve-static-1.15.1.tgz",
      "integrity": "sha512-NUo5XNiAdULrJENtJXZZ3fHtfMolzZwczzBbnAeBbqBwG+LaG6YaJtuwzwGSQZ2wsCrxjEhNNjAkKigy3n8teQ==",
      "dev": true,
      "dependencies": {
        "@types/mime": "*",
        "@types/node": "*"
      }
    },
    "node_modules/@typescript-eslint/parser": {
      "version": "5.51.0",
      "resolved": "https://registry.npmjs.org/@typescript-eslint/parser/-/parser-5.51.0.tgz",
      "integrity": "sha512-fEV0R9gGmfpDeRzJXn+fGQKcl0inIeYobmmUWijZh9zA7bxJ8clPhV9up2ZQzATxAiFAECqPQyMDB4o4B81AaA==",
      "dependencies": {
        "@typescript-eslint/scope-manager": "5.51.0",
        "@typescript-eslint/types": "5.51.0",
        "@typescript-eslint/typescript-estree": "5.51.0",
        "debug": "^4.3.4"
      },
      "engines": {
        "node": "^12.22.0 || ^14.17.0 || >=16.0.0"
      },
      "funding": {
        "type": "opencollective",
        "url": "https://opencollective.com/typescript-eslint"
      },
      "peerDependencies": {
        "eslint": "^6.0.0 || ^7.0.0 || ^8.0.0"
      },
      "peerDependenciesMeta": {
        "typescript": {
          "optional": true
        }
      }
    },
    "node_modules/@typescript-eslint/scope-manager": {
      "version": "5.51.0",
      "resolved": "https://registry.npmjs.org/@typescript-eslint/scope-manager/-/scope-manager-5.51.0.tgz",
      "integrity": "sha512-gNpxRdlx5qw3yaHA0SFuTjW4rxeYhpHxt491PEcKF8Z6zpq0kMhe0Tolxt0qjlojS+/wArSDlj/LtE69xUJphQ==",
      "dependencies": {
        "@typescript-eslint/types": "5.51.0",
        "@typescript-eslint/visitor-keys": "5.51.0"
      },
      "engines": {
        "node": "^12.22.0 || ^14.17.0 || >=16.0.0"
      },
      "funding": {
        "type": "opencollective",
        "url": "https://opencollective.com/typescript-eslint"
      }
    },
    "node_modules/@typescript-eslint/types": {
      "version": "5.51.0",
      "resolved": "https://registry.npmjs.org/@typescript-eslint/types/-/types-5.51.0.tgz",
      "integrity": "sha512-